
Microsoft Visual Studio Solution File, Format Version 12.00
# Visual Studio Version 16
VisualStudioVersion = 16.0.31702.278
MinimumVisualStudioVersion = 10.0.40219.1
Project("{2150E333-8FDC-42A3-9474-1A3956D46DE8}") = "0 - Presentation", "0 - Presentation", "{97CDE919-7957-47C1-9026-2606886F7014}"
EndProject
Project("{2150E333-8FDC-42A3-9474-1A3956D46DE8}") = "1 - Services", "1 - Services", "{4A287D68-5F53-4C62-920C-360141AA4DFC}"
EndProject
Project("{2150E333-8FDC-42A3-9474-1A3956D46DE8}") = "1.1 - Common", "1.1 - Common", "{9AB10059-AFEC-41B5-A87A-AEE202BD3C6A}"
EndProject
Project("{2150E333-8FDC-42A3-9474-1A3956D46DE8}") = "2 - Domain", "2 - Domain", "{4CE82DEE-A1BD-4636-9687-7E3A44261288}"
EndProject
Project("{2150E333-8FDC-42A3-9474-1A3956D46DE8}") = "3 - Infrastructure", "3 - Infrastructure", "{0929F434-1CD5-45B2-97B3-D8F33C73F5D9}"
EndProject
Project("{2150E333-8FDC-42A3-9474-1A3956D46DE8}") = "3.1 - Data", "3.1 - Data", "{D38D8F6A-7C1C-4949-9A18-8F95F3C035A5}"
EndProject
Project("{2150E333-8FDC-42A3-9474-1A3956D46DE8}") = "3.2 - CrossCutting", "3.2 - CrossCutting", "{46325AEB-8E88-406C-AE50-992725BBED6F}"
EndProject
Project("{FAE04EC0-301F-11D3-BF4B-00C04F79EFBC}") = "ProjetoDanielEx.Core.Data", "src\ProjetoDanielEx.Core.Data\ProjetoDanielEx.Core.Data.csproj", "{C515CB24-C9AF-46C3-9B4F-411FE049ABD4}"
EndProject
Project("{FAE04EC0-301F-11D3-BF4B-00C04F79EFBC}") = "ProjetoDanielEx.Core.IoC", "src\ProjetoDanielEx.Core.IoC\ProjetoDanielEx.Core.IoC.csproj", "{21612595-7563-42C5-A084-12FA309BCF5D}"
EndProject
Project("{FAE04EC0-301F-11D3-BF4B-00C04F79EFBC}") = "ProjetoDanielEx.Core.Domain", "src\ProjetoDanielEx.Core.Domain\ProjetoDanielEx.Core.Domain.csproj", "{720DE769-A299-48C2-9429-3F3EA650FCD1}"
EndProject
Project("{FAE04EC0-301F-11D3-BF4B-00C04F79EFBC}") = "ProjetoDanielEx.Core.Service", "src\ProjetoDanielEx.Core.Service\ProjetoDanielEx.Core.Service.csproj", "{63C5A0A3-79C4-4125-9487-A67089BE98F4}"
EndProject
Project("{FAE04EC0-301F-11D3-BF4B-00C04F79EFBC}") = "ProjetoDanielEx.Common.Utilities", "src\ProjetoDanielEx.Common.Utilities\ProjetoDanielEx.Common.Utilities.csproj", "{77B41902-67E6-440A-89A0-BA4A1382096F}"
EndProject
Project("{FAE04EC0-301F-11D3-BF4B-00C04F79EFBC}") = "ProjetoDanielEx.Core.WebApi", "src\ProjetoDanielEx.Core.WebApi\ProjetoDanielEx.Core.WebApi.csproj", "{2A360F71-87C9-41E3-8F6A-235EE1C70F31}"
EndProject
Global
	GlobalSection(SolutionConfigurationPlatforms) = preSolution
		Debug|Any CPU = Debug|Any CPU
		Release|Any CPU = Release|Any CPU
	EndGlobalSection
	GlobalSection(ProjectConfigurationPlatforms) = postSolution
		{C515CB24-C9AF-46C3-9B4F-411FE049ABD4}.Debug|Any CPU.ActiveCfg = Debug|Any CPU
		{C515CB24-C9AF-46C3-9B4F-411FE049ABD4}.Debug|Any CPU.Build.0 = Debug|Any CPU
		{C515CB24-C9AF-46C3-9B4F-411FE049ABD4}.Release|Any CPU.ActiveCfg = Release|Any CPU
		{C515CB24-C9AF-46C3-9B4F-411FE049ABD4}.Release|Any CPU.Build.0 = Release|Any CPU
		{21612595-7563-42C5-A084-12FA309BCF5D}.Debug|Any CPU.ActiveCfg = Debug|Any CPU
		{21612595-7563-42C5-A084-12FA309BCF5D}.Debug|Any CPU.Build.0 = Debug|Any CPU
		{21612595-7563-42C5-A084-12FA309BCF5D}.Release|Any CPU.ActiveCfg = Release|Any CPU
		{21612595-7563-42C5-A084-12FA309BCF5D}.Release|Any CPU.Build.0 = Release|Any CPU
		{720DE769-A299-48C2-9429-3F3EA650FCD1}.Debug|Any CPU.ActiveCfg = Debug|Any CPU
		{720DE769-A299-48C2-9429-3F3EA650FCD1}.Debug|Any CPU.Build.0 = Debug|Any CPU
		{720DE769-A299-48C2-9429-3F3EA650FCD1}.Release|Any CPU.ActiveCfg = Release|Any CPU
		{720DE769-A299-48C2-9429-3F3EA650FCD1}.Release|Any CPU.Build.0 = Release|Any CPU
		{63C5A0A3-79C4-4125-9487-A67089BE98F4}.Debug|Any CPU.ActiveCfg = Debug|Any CPU
		{63C5A0A3-79C4-4125-9487-A67089BE98F4}.Debug|Any CPU.Build.0 = Debug|Any CPU
		{63C5A0A3-79C4-4125-9487-A67089BE98F4}.Release|Any CPU.ActiveCfg = Release|Any CPU
		{63C5A0A3-79C4-4125-9487-A67089BE98F4}.Release|Any CPU.Build.0 = Release|Any CPU
		{77B41902-67E6-440A-89A0-BA4A1382096F}.Debug|Any CPU.ActiveCfg = Debug|Any CPU
		{77B41902-67E6-440A-89A0-BA4A1382096F}.Debug|Any CPU.Build.0 = Debug|Any CPU
		{77B41902-67E6-440A-89A0-BA4A1382096F}.Release|Any CPU.ActiveCfg = Release|Any CPU
		{77B41902-67E6-440A-89A0-BA4A1382096F}.Release|Any CPU.Build.0 = Release|Any CPU
		{2A360F71-87C9-41E3-8F6A-235EE1C70F31}.Debug|Any CPU.ActiveCfg = Debug|Any CPU
		{2A360F71-87C9-41E3-8F6A-235EE1C70F31}.Debug|Any CPU.Build.0 = Debug|Any CPU
		{2A360F71-87C9-41E3-8F6A-235EE1C70F31}.Release|Any CPU.ActiveCfg = Release|Any CPU
		{2A360F71-87C9-41E3-8F6A-235EE1C70F31}.Release|Any CPU.Build.0 = Release|Any CPU
	EndGlobalSection
	GlobalSection(SolutionProperties) = preSolution
		HideSolutionNode = FALSE
	EndGlobalSection
	GlobalSection(NestedProjects) = preSolution
		{9AB10059-AFEC-41B5-A87A-AEE202BD3C6A} = {4A287D68-5F53-4C62-920C-360141AA4DFC}
		{D38D8F6A-7C1C-4949-9A18-8F95F3C035A5} = {0929F434-1CD5-45B2-97B3-D8F33C73F5D9}
		{46325AEB-8E88-406C-AE50-992725BBED6F} = {0929F434-1CD5-45B2-97B3-D8F33C73F5D9}
		{C515CB24-C9AF-46C3-9B4F-411FE049ABD4} = {D38D8F6A-7C1C-4949-9A18-8F95F3C035A5}
		{21612595-7563-42C5-A084-12FA309BCF5D} = {46325AEB-8E88-406C-AE50-992725BBED6F}
		{720DE769-A299-48C2-9429-3F3EA650FCD1} = {4CE82DEE-A1BD-4636-9687-7E3A44261288}
		{63C5A0A3-79C4-4125-9487-A67089BE98F4} = {4A287D68-5F53-4C62-920C-360141AA4DFC}
		{77B41902-67E6-440A-89A0-BA4A1382096F} = {9AB10059-AFEC-41B5-A87A-AEE202BD3C6A}
		{2A360F71-87C9-41E3-8F6A-235EE1C70F31} = {97CDE919-7957-47C1-9026-2606886F7014}
	EndGlobalSection
	GlobalSection(ExtensibilityGlobals) = postSolution
		SolutionGuid = {29C844E9-CCA2-4220-AB6A-A183E46BDFDE}
	EndGlobalSection
EndGlobal
